#
# This file is autogenerated by pip-compile with Python 3.13
# by the following command:
#
#    pip-compile --extra=dev --generate-hashes --no-index --output-file=requirements-dev.lock --strip-extras pyproject.toml
#
amqp==5.3.1 \
    --hash=sha256:43b3319e1b4e7d1251833a93d672b4af1e40f3d632d479b98661a95f117880a2 \
    --hash=sha256:cddc00c725449522023bad949f70fff7b48f0b1ade74d170a6f10ab044739432
    # via kombu
annotated-types==0.8.0 \
    --hash=sha256:13b2beaad985e05e2d6407ee4c4f35590b11f8d693a258a561055cac8f64cab7 \
    --hash=sha256:f072f4d804ea359e4eaf198b1af7a8b0943881a87f31bb764f8bf219bb9419e0
    # via pydantic
anyio==4.15.1 \
    --hash=sha256:6152fdbbf9a77fdec97731721bebf7c4c44f7c29b424b0065826173efc7ed101 \
    --hash=sha256:9f28306018cbd6d329e64a36d58256edff76dd996fe423bc957326e578b82a94
    # via httpx
asgiref==3.12.1 \
    --hash=sha256:59dcb51c272ad209d59bed5708a64a333083e86017d7fcdd67498eeab7784340 \
    --hash=sha256:fe386d1c2bff7259ea95929266d12a8cf9a8b5a1c2598402967d8792e7a7c094
    # via django
beautifulsoup4==4.14.3 \
    --hash=sha256:0918bfe44902e6ad8d57732ba310582e98da931428d231a5ecb9e7c703a735bb \
    --hash=sha256:6292b1c5186d356bba669ef9f7f051757099565ad9ada5dd630bd9de5fa7fb86
    # via aria-core (pyproject.toml)
billiard==4.2.4 \
    --hash=sha256:525b42bdec68d2b983347ac312f892db930858495db601b5836ac24e6477cde5 \
    --hash=sha256:55f542c371209e03cd5862299b74e52e4fbcba8250ba611ad94276b369b6a85f
    # via celery
boto3==1.43.90 \
    --hash=sha256:4b669742d5b45b8fd20ca50ac414a4e4cf995ebb8f280d21be28676e71c97594 \
    --hash=sha256:aaaa1216d65ddb3dcf86bf9d93cfa436af05cbcd1e1f8b2847f2b83116012186
    # via aria-core (pyproject.toml)
botocore==1.43.90 \
    --hash=sha256:65f3394ef07314e45c92a90120988531d651136390d464a94938a92f665893f7 \
    --hash=sha256:a139ed601e8b8fb1d730022355fe2b284b8c15cfe9ac0f100254a35d2273e1d3
    # via
    #   boto3
    #   s3transfer
celery==5.6.3 \
    --hash=sha256:0808f42f80909c4d5833202360ffafb2a4f83f4d8e23e1285d926610e9a7afa6 \
    --hash=sha256:177006bd2054b882e9f01be59abd8529e88879ef50d7918a7050c5a9f4e12912
    # via aria-core (pyproject.toml)
certifi==2026.7.22 \
    --hash=sha256:62f22742b58a1a33014a2b6b706588a8d7e2a88ae7bd1a6ebe8c992928483775 \
    --hash=sha256:741e2c3b351ddf169a738da9f2c048608ff7f2c5cc02f1ebc6b118bb090d5d55
    # via
    #   aria-core (pyproject.toml)
    #   httpcore
    #   httpx
click==8.5.0 \
    --hash=sha256:255bc9599cf7748b4b1a446ccc735421bd08a2ae529a8b88597d3de5664ee360 \
    --hash=sha256:ba0d2089de75ea0310e2dde03160e6ca10009947fb95a182f9b54021bb272e34
    # via
    #   celery
    #   click-didyoumean
    #   click-plugins
    #   click-repl
click-didyoumean==0.3.1 \
    --hash=sha256:4f82fdff0dbe64ef8ab2279bd6aa3f6a99c3b28c05aa09cbfc07c9d7fbb5a463 \
    --hash=sha256:5c4bb6007cfea5f2fd6583a2fb6701a22a41eb98957e63d0fac41c10e7c3117c
    # via celery
click-plugins==1.1.1.2 \
    --hash=sha256:008d65743833ffc1f5417bf0e78e8d2c23aab04d9745ba817bd3e71b0feb6aa6 \
    --hash=sha256:d7af3984a99d243c131aa1a828331e7630f4a88a9741fd05c927b204bcf92261
    # via celery
click-repl==0.3.0 \
    --hash=sha256:17849c23dba3d667247dc4defe1757fff98694e90fe37474f3feebb69ced26a9 \
    --hash=sha256:fb7e06deb8da8de86180a33a9da97ac316751c094c6899382da7feeeeb51b812
    # via celery
coverage==7.16.0 \
    --hash=sha256:01b18b8a6c9cec8d5f45550e2501426ed982cf2c35016b0acd2ba9b5d8b2fb06 \
    --hash=sha256:0466f4a5c0370461b7d8c7eb259d7d1db0b5756f13d66230b04d22a1d380ee11 \
    --hash=sha256:050a291b3cfe5e0df5999ef2fa5a7aff6e2db329f069d47eb63f02bde2e7e96b \
    --hash=sha256:058631257350b31784ed43ceb808298b6f074edf4ebca4c7ce5082e6bf873a61 \
    --hash=sha256:0598aadae641f30a0796b75b45c0b9c5de8619bd5cfb251bb0cc254e86e6dd13 \
    --hash=sha256:06f20145a9eb5bf1fd1dde3c0bc2af2e7c22135ab07ca6284d6ada7cc3904c4e \
    --hash=sha256:077f0964087883176ff6ab9b074694cae29f8c708273b13ca62c183c6ed716cd \
    --hash=sha256:0bb04ee77e557d7476471969d35fbbfb5fc8a4152e9409aa5811780c36d9b23e \
    --hash=sha256:0ccc37c00e1a5d30840902c54557e104d04aead872cedf6d2281c8725a467e06 \
    --hash=sha256:0fca700cae4635656668ba6e2b66a85aac9f2622d7b2bcf82e844c409eaa1313 \
    --hash=sha256:136988df5bc5a48795d9c42c75c4bbda5d9a78e750a080c1233010edff93a1af \
    --hash=sha256:1420370276f1694b663207b8245c3628aafb9624fe3cebf313a13d860e55ee67 \
    --hash=sha256:151855767480be14db595cbc2040f6a4db965cdfeebd354d79b0256742b029e0 \
    --hash=sha256:1545c52ce756b8a97007f439a220297f1cd72a2cbbcdffccdf1c1f70e74f9a42 \
    --hash=sha256:17fc3628f99812fec24f40092af34c1c73274d331babab3d1d768a75de650cf7 \
    --hash=sha256:181c2906b9b3759955c1c33c51fbb91c754fbd0b82ea49e2c81061f5a052082c \
    --hash=sha256:183613f664718b340589d7f005c7e92b4b601cffd20a8a4117cfda3e983b080f \
    --hash=sha256:190ffa0f5af966254c249fb3aeaca2cef389785e3e287fd577d39e134d20f8a3 \
    --hash=sha256:1a03e78f53e4d2ab13adac19958a89322d1829913e5623d642627bf60b35da21 \
    --hash=sha256:1c2c45ee1853668f0ea1a0ddff396421c9dc5ad25a56bfb94a895970c2d8e7c2 \
    --hash=sha256:1c5a43cc0ef101637ae920a9eed24cf0549ef815621eae68b3ad577ec5a7ad2f \
    --hash=sha256:1f81cb1554c3712e41649ed5dc98656b50b958e4da12f0f5adb681ce3db92831 \
    --hash=sha256:22d8802827404be32f5a4d6ddc037f6fa0074b7d06702c0224cb598def8b665d \
    --hash=sha256:245f7de6d023a5bba375dbec9f2e0869bfa26ac0cc639bbb7b4c814884000b73 \
    --hash=sha256:26e7de0cb87960c6c9b5cad760068dab767b2b49a3b9376e1992c1e2691a015e \
    --hash=sha256:27461af9f3ed7d2cf2411eb083784f87055ebf42211789ae3a216c48609bc743 \
    --hash=sha256:289f2ed4d56eebf029b649e7dfc3c1153b111962a75e294cdd8e4a1598a04cc3 \
    --hash=sha256:2c3ff6580f2dfc5bec34717b85b2e6cf5ec993b721e7bb58a794babd525a8178 \
    --hash=sha256:2ddaa9e2af4760a329d80008b7a3b4762fbb0dbcb169199360f9a5179c32f2dc \
    --hash=sha256:30f5aee6d1d517abcdfd4f9cad027969ff79a1440a22da263f9514e31b5b66e9 \
    --hash=sha256:32c56b5b47c50635081445ac404dd08c2d591b9c837c22570aa9e182c3b42cd4 \
    --hash=sha256:34d8686bce035c8465b318a8c2890e69ba14a00801a27f4eb6bdc97c23944d87 \
    --hash=sha256:35a9676bf86097f790113ebd9fb67681804ef54d40941d2f10ba68c02239e575 \
    --hash=sha256:360967a6fd77794c167529eec2d16ff8e38216110619d23acc3fd466a1648bee \
    --hash=sha256:36aed4951aedf04cbe9465e76f8e71219980a52b73d07afe69746cba6ba7b97a \
    --hash=sha256:38b8e1e73750b8965d1154ed733f5303acd4e24ee2d5ee872bb1bfab744a31ce \
    --hash=sha256:3e8037e8213adf882e9d7eedd2c5c557933ab0b9632c42d98fe98ec9bcdb4025 \
    --hash=sha256:4080ad6bad9f14690e6b2104f5e8d137ccc65a4b5427a36662090637d4bd16d5 \
    --hash=sha256:4212cec9b42fd9929e70b462732fefd8b13406371871c82f3c14397499d6550b \
    --hash=sha256:47d5e1fc0b321c8308a2aacee0497c435b08acaa629b7059798fdf6fc3006352 \
    --hash=sha256:496277c8d7beed695e02c7be53516a0152e4caef8738a0feab6a638546cce449 \
    --hash=sha256:49fa72ead28c8216f8916398a4f3c4669acb30a061822810ee20a727a1be2897 \
    --hash=sha256:4b1d09cb5d8dc2c7164450f5217e6f0717497de9c588806a0780d352abef904a \
    --hash=sha256:4c1f16d5555a195295d0dc9c902612270e3dfed6a11f3bf7bc470b7b6a79ed3c \
    --hash=sha256:4fcb5f07a9b7083bfb715115d27ce263ba2b5b89dddeee536b295ba0e3c2c627 \
    --hash=sha256:507596cee23e9968b1934fe86d799b76166541af0a293930918b1b48a5c84bd2 \
    --hash=sha256:51e7d0e311d2fba3915f971236cbdd4ad821fc7a23988221c0b33c964b0eba22 \
    --hash=sha256:5205baea687133613dced668a3d0168ea1479349615bfc255849a7944988c889 \
    --hash=sha256:54b7fba6a74d010de34319a0419d5b65af8c00f539ad0b6f39fc6f342ab99697 \
    --hash=sha256:55957d350452017f523b9b03ffac078f9a214e23c04a3d0a674569203550c719 \
    --hash=sha256:577c2ac8c0036f6f8edd3a7783a9e67302b17771d1abf0fd2ed246e3158be51b \
    --hash=sha256:584896fb8b650e999e24ef57e9513e482c12f8e15a73ee9d4584e23c99465867 \
    --hash=sha256:5dad64d9c17cb1983adef07998e6e2e1cf870a156f1ea80f81ce1970f4c545ce \
    --hash=sha256:64f0611ee05364fc85cc3e5bc371804117a76fd337720e6017332fc7c534257a \
    --hash=sha256:69474d81f198774c9d2937599ca5da04c9e1c5de5032da23c607ce4960ce360e \
    --hash=sha256:6ad3bbad240ab937512156bc944fdee63ac4dd34a7558a3094548fd4c1150c02 \
    --hash=sha256:6c60cde430c0e7e3be612973af39b4cff90ec2e2defe7b2b701daea3a0ffff04 \
    --hash=sha256:6e2854b62601c89a63814ad5def3b90d99c6724cc4cb977f75b725e5fca4b1e3 \
    --hash=sha256:6e701938ec9081d3e400a0c9a9a8ae0f7ca44214741daeac4454b1c6ef6dbd19 \
    --hash=sha256:6fde65e0ea945920265dfe4a2108fc45eee2e2ea3d9c3073af6373ff9836aa71 \
    --hash=sha256:719a3feb6220dd32ed932d4c3676d17fb8739e2643b29c0e7c3af400ff80ac44 \
    --hash=sha256:72a0795cc6d34acc2b03dfeabdc82b61b72087f2737018b56ac92c1cf5446c54 \
    --hash=sha256:770d4244c423dcafb5c31db393f429fe952b1bba23bbff7cc3886f8133769ba5 \
    --hash=sha256:78103e79f9378cb0e43ddaa728629a373c070df903c5dfa98b63ba2cfb4e8c42 \
    --hash=sha256:785b114356c99c0dd5b3f57b9696cfd57b7704f4c53847df8dc88c6cc0d9bcb6 \
    --hash=sha256:78f8b56261d608be102c62edd3a60b66bcd0b581f3f86fdcabaf8b8d95adc950 \
    --hash=sha256:7cae7715afa51dd7c9c42e6603bb46daf424c3449fdf06519cc658aa8d46e2e4 \
    --hash=sha256:80cf547379ad6b1878fd03b033b51188beab4b41824c96e7839e014a4cb947be \
    --hash=sha256:80d7d5d744a041f08637df743ac086204ec5acbcd8432a42b00b49e607358024 \
    --hash=sha256:81d63b68b26304e3668edb103311c17fe13c2ed1c7fe973309819f27bf61c5b8 \
    --hash=sha256:857fceba6ff4b507ee0ad98798a33d544a8473df0c542bf04251ee4ed5ee6292 \
    --hash=sha256:87771ecf986cff55e87413238cd5e4f54d949c2074bd6fc1657d26a56314ee24 \
    --hash=sha256:916cf8d25c1ce148f7eceb1d45afc9724841200110adc4e53250391852debd91 \
    --hash=sha256:92cbc2bf4f7f67c79f1d3ca4fe8c50faddf48e852a3d07eaaf02dc014889832f \
    --hash=sha256:9421dde689e68d9fd2b6cd7d8c4498e79b5431467b6298517e3f3e60fdbe80a7 \
    --hash=sha256:949eae7e0f562b1518355aaef4b03523e49a6d3fea12aa3542d9e36c863f8267 \
    --hash=sha256:97051c4903689b1afedc2a354d6118223051e03588078b53048603bda9014577 \
    --hash=sha256:984e5430fc6f858385009e92549955157d79335b1f3e13e1031e0f89d1284261 \
    --hash=sha256:9b83f6ac575530783771c8dcf05284f7c8b5b12f1e7cb226d63445aac4497a3a \
    --hash=sha256:9c0690994b84a15a53bdd39e0b2fdb539b22533820623eb86ba75b93760c645b \
    --hash=sha256:a336b1e2990a64f5c356a9b8380fb9c029d56c832b801255250c44d603271bfd \
    --hash=sha256:a3cd34b9025d62180ce2b5dae8a985bfa6cb8c05ecd57fd34ffc1ff751b5a74d \
    --hash=sha256:a739bf08cdca0fad51b73322e4fade0102dd87794e278450b5ee87ef827954db \
    --hash=sha256:a89d07e48d9baead9a15599923a02f62c6df6c3d85aa84ef34be3c9fd6aeb91f \
    --hash=sha256:acadbf2f2a18d7f9c7f119ac798c00c540d7c79c93abd71ed648c87891303633 \
    --hash=sha256:b1374099dd1ad0d31fbb6c95d00a56a3c5e85fb3343dca14fc12f78323a2b42a \
    --hash=sha256:b2af58ecdcec37fe633d4865fccbc8c00d8aa3b31c099bcacb2720c9a0be6ab9 \
    --hash=sha256:b37ad5cbb77776f446e1b55b461eec2eef5c3e7130c72dc0e1447c3a9da2d199 \
    --hash=sha256:b670bd5fa93d9b6855b2837217b45a90863118e2de5e9e033aebd46d07cd08d3 \
    --hash=sha256:b7dbbbf6551eb94618e7bc76ab61cc2740a5b3d13294171bd6adb36e12346c3c \
    --hash=sha256:bbf08d951abaa1ce89e28c998361d56b952413846b459cd017f116ad4c9adbfa \
    --hash=sha256:c1bcfe470a796fbea6234accd81d258a31574dc0b7bf569e16be757572c4de17 \
    --hash=sha256:c5297028c8df849a61b29129cadfe682f90b5b396f528eb319a57d7678eefdad \
    --hash=sha256:c5612cc20ca76abc883e50269af47c1494b42958bb63dbb9aa79729a1ab5f7d3 \
    --hash=sha256:c5feffce90c3d602e149de1c477578efc34dee5f069f9764cc15808ce01ee15c \
    --hash=sha256:c72c9b201dc0e8c2c8821d49858fd865010d08181bf877d2320971b6464ebfd5 \
    --hash=sha256:c76a9b50a344261fe4a9bd20c322b48d3913cc48e8c37f78c21a596008296e68 \
    --hash=sha256:c94ef980f7b94d9dab9dac076d44ca706654cd51bad19734e029084adf528c8e \
    --hash=sha256:cb953835dbfa6d641ac3943e0986bc680f8abbdc2985af15b46c54985347146a \
    --hash=sha256:cc12e5e32acdd62fe5895939695579560639853219288519685c75b7e968d63a \
    --hash=sha256:cce4dc8528453128c6fae523b15f3887fbea1d4d7c9eb9639d3d4fdcbe570c73 \
    --hash=sha256:cd1e85abed2d2499c16664137ac802356316f92b4e2bf3c150bdf0c45f5dd9ae \
    --hash=sha256:ce2ba5e9f1842fe09165825abfb3bc6b527c71a27bc2eb3a10f2284ced64506d \
    --hash=sha256:d1c77c3579ac42798f8b7eed6d3dd258debacca32c8753fc8a1f6eaf1db644f5 \
    --hash=sha256:d568a8adcec0eda42ec23e5e65dfb8c184fc255120f9e99b484f7c869d923fb9 \
    --hash=sha256:d9a218d3f9c7d6916684ed5ba94f620661117a730e733cd6ef5e87accc5872eb \
    --hash=sha256:dcd3dafcdd78305d27c59a1006b53a4990acb89e68d8fbe0992f4f83503c827f \
    --hash=sha256:de24c62bf798940a14674a47489a81b79915ec4134f556d5199830e065225dd0 \
    --hash=sha256:e40e323711b485592354069b1c027ef879cc2d11657eac09a6e5ad0b49ab7406 \
    --hash=sha256:e6b2b9599e7513b0a9c5bf0357f9f8deaa4c2c821025b0693d420e6602748981 \
    --hash=sha256:e9883a2f8206ce3af59117dc278e5d043fea06912bca3f199816129e5e2de354 \
    --hash=sha256:ebaf39dd13f8af65fe5f0316b81046228ef4d91d3c3766192b418753649896d6 \
    --hash=sha256:ed35097438dfa980c1ec75bc83edf8acbe7a374d7007e571957a257fbd0e2fb3 \
    --hash=sha256:edc2be98e6c55ccc5ff7832bb64f023a4b03dba39dfa84b850046cf08a8249b0 \
    --hash=sha256:f093faf23df888518d273be6da65f0ec5a25b5d8b670231e4d87de07361042e7 \
    --hash=sha256:f6c9c21a8bf0d19788f3c5f3e020c90317a0a63ef60521b376003801e21250fb \
    --hash=sha256:f98d438add63546745e5e847192e3e9ab897ed6f2ca96f8281e2f5a15958ae62 \
    --hash=sha256:f99d12f8234c00b88b8077fedf288b25c77f746de312053b7db90fa756ecbdb3 \
    --hash=sha256:fa4ff0b3dd52208d2b30903022d5087f82000507b504753dfeee83e4f32d6883 \
    --hash=sha256:fddd26ed9a2527a7e23f7e4c1fd0734c4a5b45f77b261da1c536b20a7d2e6f0c \
    --hash=sha256:fe5aa402d02318db2f41e471320b2ecca6085b8f595a034c037085732e49c04a
    # via aria-core (pyproject.toml)
defusedxml==0.7.1 \
    --hash=sha256:1bb3032db185915b62d7c6209c5a8792be6a32ab2fedacc84e01b52c51aa3e69 \
    --hash=sha256:a352e7e428770286cc899e2542b6cdaedb2b4953ff269a210103ec58f6198a61
    # via aria-core (pyproject.toml)
django==5.2.17 \
    --hash=sha256:9d4d93be539a18ab80d058eb515900e10951e04c537c5a6b394fc49528d3251f \
    --hash=sha256:f04fb3b36ee119e1af4fa1d397d5fd6cf12700f49321e84d4f4c642c5b1973db
    # via
    #   aria-core (pyproject.toml)
    #   djangorestframework
djangorestframework==3.17.2 \
    --hash=sha256:89ed713b6dc83e1539f214b7d10808ae19bb8511004beba886225da6d5c9dafa \
    --hash=sha256:cb0546a7415d5b46c04e0f4fe0a54b2109f4fdd5e83ca773c8c6183a6493d042
    # via aria-core (pyproject.toml)
gunicorn==23.0.0 \
    --hash=sha256:ec400d38950de4dfd418cff8328b2c8faed0edb0d517d3394e457c317908ca4d \
    --hash=sha256:f014447a0101dc57e294f6c18ca6b40227a4c90e9bdb586042628030cba004ec
    # via aria-core (pyproject.toml)
h11==0.16.0 \
    --hash=sha256:4e35b956cf45792e4caa5885e69fba00bdbc6ffafbfa020300e549b208ee5ff1 \
    --hash=sha256:63cf8bbe7522de3bf65932fda1d9c2772064ffb3dae62d55932da54b31cb6c86
    # via httpcore
httpcore==1.0.9 \
    --hash=sha256:2d400746a40668fc9dec9810239072b40b4484b640a8c38fd654a024c7a1bf55 \
    --hash=sha256:6e34463af53fd2ab5d807f399a9b45ea31c3dfa2276f15a2c3f00afff6e176e8
    # via httpx
httpx==0.28.1 \
    --hash=sha256:75e98c5f16b0f35b567856f597f06ff2270a374470a5c2392242528e3e3e42fc \
    --hash=sha256:d909fcccc110f8c7faf814ca82a9a4d816bc5a6dbfea25d6591d6985b8ba59ad
    # via aria-core (pyproject.toml)
idna==3.19 \
    --hash=sha256:5e0811a4383b21dc5838069f801c4fb62113b7447663d2530d2bd6e77b49bf15 \
    --hash=sha256:815e7be7a7806d54abb586dc943addc79e8b2ee16915059658cbeff4b1b43bf4
    # via
    #   anyio
    #   httpx
jmespath==1.1.0 \
    --hash=sha256:472c87d80f36026ae83c6ddd0f1d05d4e510134ed462851fd5f754c8c3cbb88d \
    --hash=sha256:a5663118de4908c91729bea0acadca56526eb2698e83de10cd116ae0f4e97c64
    # via
    #   boto3
    #   botocore
kombu==5.6.2 \
    --hash=sha256:8060497058066c6f5aed7c26d7cd0d3b574990b09de842a8c5aaed0b92cc5a55 \
    --hash=sha256:efcfc559da324d41d61ca311b0c64965ea35b4c55cc04ee36e55386145dace93
    # via celery
packaging==26.3 \
    --hash=sha256:94edc256424af38762eb31306eed28beb9f0efc50a8837492c9d6fd6004aed79 \
    --hash=sha256:d7193f7c8e4e93f444fde0262bf90af30e16fa0ad0ad44cb553c87339b23cd1c
    # via
    #   gunicorn
    #   kombu
pgvector==0.5.0 \
    --hash=sha256:07a9dcf735696879406983afc6eba9a787cef7c0cf6c367ca1a5779f036dee74 \
    --hash=sha256:fedc9800894e6da2be51358d7b7c574bf34f247ca741a5a09513622135f5964f
    # via aria-core (pyproject.toml)
prompt-toolkit==3.0.53 \
    --hash=sha256:01c0891d7f9237d5e339f7d3e42cdae80b7534abb1c7c0e3352efba6231492f2 \
    --hash=sha256:9ec8a0ad96d5c56148b3f914aa79c1564c3fde5d2e6b876e7bc327e353cf8fa6
    # via click-repl
psycopg==3.3.5 \
    --hash=sha256:ce5aa5cdb4f9379f00f487590e5890bfa7df9a164648c969ffa628505e21af4e \
    --hash=sha256:d0a3d9ccf5788af054cbd745278cb02401b5c312aeaafbf2c6144460aec47da4
    # via aria-core (pyproject.toml)
psycopg-binary==3.3.5 \
    --hash=sha256:0249c3e960cdee686000eb77169fb6590105c05bacc37e057ccdffdcd8e6ebde \
    --hash=sha256:04f64b39830887c2c737b522cbfd6ad215d65e67ebfff674aa4cf21c02af487b \
    --hash=sha256:06de14ac978a2d53e864069fb5487075c6e3cfb0740f1bfd7017bc8b9942067f \
    --hash=sha256:0d8a4b7ae47f3381e2ded89891d2455b809f4afb7e5b58086844abb8cfa420ea \
    --hash=sha256:1344fd57a19737554670e67aecabd4fb37cd7937f2925840009645d641117e5a \
    --hash=sha256:14f432430fd9e1a9e7d9ab2fe14956c77f5d074ebdc556a1ad04e9a1bd3fca04 \
    --hash=sha256:14fdfd65a96ecbd8b586d14546105641f4a6ac7cbe335c786830ea4de94bbe60 \
    --hash=sha256:19e5bf9872dbd164c220567fd385ba2309c7d9df1541f78343510c6b0f36a1b7 \
    --hash=sha256:1ef2e498be47800f6202b9a2304c22646325ca6d54001b7c785bcfdb24a1e8ab \
    --hash=sha256:2111f880add40fb03c60556069ad68e884a0908a74d2debafc603caf93b73552 \
    --hash=sha256:25105f9b46bdf2a30fcb67f56976ed66f6855941ae16bc024192609b917d493c \
    --hash=sha256:2719fe19a4da752c4110cc767716d0a5bdb760d1153d89018bb7c9c61717bde5 \
    --hash=sha256:358748fc4c8ccdc0e2bdf55420494930e19c3ade586ea9c3a6de3dad1f897311 \
    --hash=sha256:35885e333020fc152d27bea1a494bef13b2e68f6fd92b6229015e93539152008 \
    --hash=sha256:39e70c8e3b5fad70e2970ea4cc502bf3b612018f128aa1c670f1fa78b9774543 \
    --hash=sha256:40505676b1526b9ea387dace034040a8c8b0bcf984cd6bd4720a2ab15e813586 \
    --hash=sha256:40f8b132c7243ef5f503f0b6f986bf16d38a51b0df1c6ba2577743f128be03e3 \
    --hash=sha256:479b96fd78149cfa10369dc53fbfb89ee729be13146b584a23dbc7e164c0cf1e \
    --hash=sha256:4901e5b9a31c230211a1871263b6594373bacd770b14ad9b14d349716cb69cbe \
    --hash=sha256:553b5443cbc94fdb9b0e31b62acdf615e0780982d6b13752a15eb3d6c0dfd0d2 \
    --hash=sha256:5698ab5941a4d138c30fef858588e651fe7d583280cd6e41832825ad9e747750 \
    --hash=sha256:5816472e3bb05615f33a741e0835043d1f4bf9709ff30d2f4aed71815cfc6b5e \
    --hash=sha256:5b981d25fc2dd13fa7328e40703ea8a03f3e9d855ec946431e96a23206d3b9fd \
    --hash=sha256:682a17a57415c3ca1731eec018ed031f012ffcb81ba74806eb219cb396065672 \
    --hash=sha256:6e85d50b87257fb117675a19ee59daa7bf9a57f6431500adf7059df799232ef4 \
    --hash=sha256:7b443f943abfe35aa5a776630cea27c9348aa66659286cee0b99084332252080 \
    --hash=sha256:88e01aa2e938a45655a8a5213fc3a44ba78cb4cab8a569b3e0bcb3d1d0eaba16 \
    --hash=sha256:893ce86a4b997f6ca1261a7826db2506727332a6ff66646fa7f024b39b5e630e \
    --hash=sha256:8dbd694f3741dd4ac5bc60b70e17f7841aefb3f0f38cef4d2756de270e03af43 \
    --hash=sha256:972cc28e943746e71ede254a4dfd1fdfcdd6dcadd6f375703849859f09377f24 \
    --hash=sha256:98a388509306e5e08a4203253ac52846bc1b034e5cbd0ae6da1211593cc28594 \
    --hash=sha256:9c071bf78e5c2e6efa40bc9089a954d7b41221347a72f35c6bf2d8c96e632f75 \
    --hash=sha256:a5e45e4bb68656253ce5c7a344c0a425c293581eba954d7fd7c2e4b2dc9f3038 \
    --hash=sha256:ab39e2794b95af61a2ff69e33e5ab6ac5df36e9ffea9a3b18e38b2aaca8c5ad5 \
    --hash=sha256:ae67072db949d0c094b747a8ec52ad0fa3c42b27842a5f746f3613d54dde3fba \
    --hash=sha256:af5084124fb2fd16557073822519dfe8c389636a16adef661a4c0c3918733171 \
    --hash=sha256:ba466011569297114449df9d523438e1adeedf3e4f31ffb78e897ec3fef3076b \
    --hash=sha256:c065531e8c1815276f50dbfa283e3a7f022671414cdda6fa9a16794dd53b28f9 \
    --hash=sha256:c09775c549b40b274206e1b043c5e5b5af39666e85c98382a30bd05d23ab677b \
    --hash=sha256:c0cac998b9b1e82dec853d2e53b3d34d56a525cf231f9441a636cfd5992929a9 \
    --hash=sha256:c6bd84e4cf67930f26f015dec33f615472b9c5871d46408efe112dbc1bc021de \
    --hash=sha256:ca8af7c0454cdce235d4aedcb5528857468f1490202d25e24fc7af40e176d563 \
    --hash=sha256:cb3b3bffebfe07110730626e76238161124f35ac87b748d663316a28d22f58b0 \
    --hash=sha256:cd0faa2475ab254ad1b507430131cf7f7f0be927ffdc03c32ad3b33d2ef63f42 \
    --hash=sha256:cf0e5e63ee86098299c673992053d556c489ba9ae6aca6cb6e24d16a8e0b09e6 \
    --hash=sha256:d06da67e9c687c6a6fdac9da4b17cbeb296ddd59bd01f6416ed4294bc57c5faf \
    --hash=sha256:d2a61e8147902771df7efe14062a3c8736347850d0d8befcf048235752504f2e \
    --hash=sha256:d8b66353b20e79bf7ac0a80f03ae97f522ccbbf909d687eec62f112e56c0276d \
    --hash=sha256:df209e64674a34b41662c67fdc8b4e0ffd77d2136393790691d086a09f9a6cab \
    --hash=sha256:df9853b832b7b916e02ef68e0d5403a7dab2d5c1ddfe94f22b1b155eb862622f \
    --hash=sha256:e5becd311f9af8d180bad372f51fb2252fd02cb2073056e2b170c9274f95fe7f \
    --hash=sha256:f45d77e398542ce0937d9fa3cd9d84e9c5fc6b34c50a66404ae840bada312750 \
    --hash=sha256:f7e1e45aad410e20de45df2b159df68ff6c8dbf47a3501f806c4489b27f4ad2b \
    --hash=sha256:fd5b047c9fd887b767d063845413e405f5de8ce1dc7a9d0da0637b77b836b469 \
    --hash=sha256:fdbeb38c9b7ca8fa57a7bda3802bedb62f4494ad3dd46c7dd36dc3f77fd5093f
    # via psycopg
pydantic==2.13.5 \
    --hash=sha256:346a034f080da3755d8e9cb5e00e8b07de1d39e4f6e2c87d8ab7cafa0b269a73 \
    --hash=sha256:51a9c5f7b2f8e636f04c6cada605d9b6a3bf1348fdf945a3d8869b19bba0ee08
    # via aria-core (pyproject.toml)
pydantic-core==2.46.5 \
    --hash=sha256:013d6f3483d81e02e7c328831808f336c8596ee33b4bd4026b9ffb1e960b8942 \
    --hash=sha256:03b9666e41e35d8909852ba191a0607520f81b74eaf12ccf8737005dbb313821 \
    --hash=sha256:045ab3b6d308439e32b81cc173bba5b9018bc6ed896afd0c65b3b009b1699af5 \
    --hash=sha256:0bddb4020d8f04175865ccd17eff3040874fc11fb593f424edb452653b4b947c \
    --hash=sha256:0cdbada856a1c69a7624a64d3d9aefe79300bd6ef827b43a4f265010b9b55184 \
    --hash=sha256:0fc5be0abd4a407e200d844b404e33639a554e7bd0d448e7b9ae181be4789ac2 \
    --hash=sha256:10416c15b8839ecc4ef4d0885da76da6fd0f67333a0eb8aff6d93c4b8f2910fc \
    --hash=sha256:15f4a94963c95accac15b7b657bb177d3ad82bb90b0d0526d9a9b85079925db5 \
    --hash=sha256:18a09e1e1011b462f2e32774f25859ef1223d5c2b0546a633cf56654710721e0 \
    --hash=sha256:193375f3548919d3f0b60936ca113ada3e38f264f91b9b8e0508efaad57be931 \
    --hash=sha256:1a353f84de772f423b5ffb11d7ae352fbbef0f446f3c0b0af0f8236d7233606e \
    --hash=sha256:1e449def1945a462c464331254e5a44fca7c3b4f9aedf59ec2f50f8066dd8e25 \
    --hash=sha256:1e5aad1220a1192c42341c8fd4a8686657e73ab2a920c970bdc4de334fe3193d \
    --hash=sha256:200aa3dc9f8d54f0754f43247c0bad0999fdcfbfd2488384dd44f37279271fe6 \
    --hash=sha256:2471fd51c61c610e1dcf7de44d7299283661654d11264ab4802b303368d69c47 \
    --hash=sha256:24922243639cbdac66c75fcb6fd6495a9cb52b213d62f9a0d16f0310b1ff8038 \
    --hash=sha256:28a6a556cd3b6066bea827857f9d9cce027c96f776e512f544a581f9e42161f8 \
    --hash=sha256:2bc9419666990c06d7397831f2126a1ecc3594aaa3ff7de5bf2d066802f4e07b \
    --hash=sha256:2cbd9a5eff05e51c447c34dfa4632145b26b09120cf04bd0c871e44c1a5e1c9a \
    --hash=sha256:2d330aaba8621b1edcec8ae2c4050f63b84ccf6d98723a8f212e9684713abf0e \
    --hash=sha256:2d5d76654becf5efd62c9e51c3756c67b49498b0c9a40884934c40807adbd074 \
    --hash=sha256:337639ba62a11acde6ef3aeb08c8ea755f8ef1fe5e513356c0f36a2b0d7568b0 \
    --hash=sha256:347ec774390c87326a2e4929d58d3f7e8763a104d5d35f4cd595a4c952366433 \
    --hash=sha256:356c8368cbc321050b169595683a2e1d63413b1e0e2868b330af9fc14c616d3f \
    --hash=sha256:37ae34309d7bd8c0d61ab839668058f2a7962ea1fc51d105d2db228fe0618034 \
    --hash=sha256:37ea7b83c935e5b0d68c9449b82651accf78a10828b2c02b2f2d9e9496446c21 \
    --hash=sha256:3a3e26b6a8274211bddee2d0e4d0d42778f17a34510f49d2ec44b58abfc41736 \
    --hash=sha256:3aa166e99c4f2985407fb8714aebede877ecb5455cf321b606adca926d30d5a0 \
    --hash=sha256:3d2652072b2d774947ba5cf78a9e59644ac62ee572daf6dd2e1dfe905e15b2b7 \
    --hash=sha256:40375c2d05acec10323e45dfe2077ac44bc74659008614af5069034e2cfc781c \
    --hash=sha256:413a717a410d0c817ef5b786a059415550b3794e1d0c2abffd9efb93a3d9f7b4 \
    --hash=sha256:46c25dda9d092a06c08db76ffe0a197107904d0dfac653f7d5306bbcd6d6119c \
    --hash=sha256:49776eab08766a08dfff7012f8b422dcd7e25e43b316eedf0477c24fcfa84b7c \
    --hash=sha256:4d44cf99ddebf875f9b68cc267aa684c99b7b44fe63ee1cac4ec163807290069 \
    --hash=sha256:4dedce55295becb61921e386b99d4f2706045306e7fa52249a33004c837379fb \
    --hash=sha256:4f8507560a9284e1370bb048ed4282012fbef4e8d109875b95e884d228552061 \
    --hash=sha256:4fdc8b93a41521988916eeaa271173fcca7fa0803d62f87675aac8dcec1c8e29 \
    --hash=sha256:5086029a57366b8cf81b130a43908738095c270c21a8d7f0e8bdfdb89718e2f3 \
    --hash=sha256:52e24eacdb536cade636aa90fb851835222becff8484b7001fdc78cb0290f2aa \
    --hash=sha256:53feb344243bb9510a9dec7bf3cf1b64d88a98af5dc7872a5160465f8b198c8e \
    --hash=sha256:545f26c504b27c3758439a5e6d9349931f0a04f855668d5fe323c89e82300a38 \
    --hash=sha256:54d510bac3ee52247af28ed4bb18a1e799f040ac60fd2bf5ccd4c92f1fbe786f \
    --hash=sha256:5cb482e9e84c851f4e623fe4acc1ced89168cf1fe18f7089db4548c8f5bbb65b \
    --hash=sha256:5e81740c09e310f5aa5cbd3e434a01c154d4bef93241c7877b39f211d2b78ba8 \
    --hash=sha256:5ee239d575f80b08eca11f6e20f90c4c695de7825c67eefe6091fbf20dda648e \
    --hash=sha256:5f194189415698233dd1114a093a9b56e61e2c57e11b469be3b0506f46f0771c \
    --hash=sha256:5f93c5fe914d75fbec9a49209b00da5f08e9e467d69da2b1510c81940cfd10be \
    --hash=sha256:657b40d6240c0a7b6a64b30f22d1e3aa631c7e846c621b0c0f6d1d75e2e15ea6 \
    --hash=sha256:6d30e1a4f138b8951063e9a394752a9179b51da288ffa507b1e659222f4c1793 \
    --hash=sha256:6f7b393a8b3da82f5c1fc0751e6d01ac6c55b93c18226a60bdfba4a724efafd1 \
    --hash=sha256:701b2e04b560eeb4bddf7a25ab8ca476176e34fdbd9a0e18196f0d12d4685f0b \
    --hash=sha256:771cf63ae0b1b50dd22e5f3e3549fab5f3f4ff1635d352a9e1a97fe01c7b2e64 \
    --hash=sha256:79bdfa52f843137045b2d081cc05c120ba6665d29b7559c2c47690906f39279f \
    --hash=sha256:7ac031912d54f3d83ef3b3eb98dfabc1608802e2202263d25957eeed40b94761 \
    --hash=sha256:7b0fc826b16c55e561e5d2a0c5c77b051ba1d92808118c4e4b5390f5e0cf191d \
    --hash=sha256:7c6be839a5a8312626b32029a415644a0846b420bc8b52b95b28cd92da162168 \
    --hash=sha256:816ff0a6550ffc06c098ccd2e0698600f9aa7da192a79eaa6f9af504a35db869 \
    --hash=sha256:82a36973cf8a2ef5406f4fe2edbf8ed0c99629535d959e0b100c76a32535a111 \
    --hash=sha256:837b396ca3d7b74091ca623f6cbd8351bd42d670a79c2683e79fb089f06a2de5 \
    --hash=sha256:850a08d167dde16db8702c274f320c7be9d7da6f6dff2b58b18f9e815bd94f5b \
    --hash=sha256:8816f3d218beb4b787de5c9759c259b8fa61f9dec42dc7811f320a33771778b7 \
    --hash=sha256:892a881d5f68c2b9ea304b7a6c2c60d9343df578a311b0f86b94bc8f1ffe8129 \
    --hash=sha256:895395f8918627b04efb1ad2a4cf605387143300ba03304cd1dfa6d03f5e095e \
    --hash=sha256:8b10e3e8fd7ddc2bd915848a2768e44c15b22936f1cc54c462ad1164deb02655 \
    --hash=sha256:8e24d8f05fa2d28513d94e877e9c75ad66175376209b3977f916e240e623193c \
    --hash=sha256:8feeac04b5794e513e710af2f9c87d49f31a6dc47967bb264a1fed61a8989bec \
    --hash=sha256:9432f3598db432cb51c5b37fdbf29a60fcccc79e30d37a05022776a6bc4ab689 \
    --hash=sha256:976e1128455aa595ea04c79ccfedff1aaeab96ee013fcc916bed120c4f0ad94f \
    --hash=sha256:978e7b97d4824b5be09c69fb70507cbde3b0323fc147332ca40a94d9a6a0ebbf \
    --hash=sha256:97bf8de4d541598c94a59344eeb988a94c08ff76b5723c41f6567ec18c7892ea \
    --hash=sha256:97cf3eb53a8cccacf9d46686a0926186c9bfb5574f2ed66d3639d5fe117cd3a9 \
    --hash=sha256:9b68938dd5b0c783d88ff8e2dcc69451b5eb936fe212d516b21b9d5567f6d464 \
    --hash=sha256:9c4b71f10dd532fb7a5cbc8f58707779e64f03a258c2bf8bfbaecfcd9970b519 \
    --hash=sha256:9f47b8a949e60f027f0aa0a6f6c7b7e9c55cbf4380d10b344e282fa4e7ab1e1b \
    --hash=sha256:a1dee1b804ff4d11c663636cf15d2ea47e9f79cd56c033fb1cbf08924842a48f \
    --hash=sha256:a2468d93d181667a7abd66e1b64bb9f76f361b0fef8faddf687456453576f5ee \
    --hash=sha256:a2a5e1d0ff29adddc9f6d6821a66302e4493f8ca898b715b6b1182c2c201ea0a \
    --hash=sha256:a39ac25a9a2fa4072efdb429833c4a4c8009a51ff9eea3eeae131713cd27991e \
    --hash=sha256:a445486499897b88a7d6c310c88ed64dd37b1b59bfd7ae9107490bbb362f47d6 \
    --hash=sha256:a91c17edf6eea2402cb5457b4c89e99bc5ed1004aa34c4adf1d4258c1a5c22c2 \
    --hash=sha256:ab4b66edffb32d9e951efb3814bd104b8367a7501b81b955cacb5726d897389f \
    --hash=sha256:aca6c767f552b21b10f774aeac128e828eafb796adfa1b666a18bf6321453c3a \
    --hash=sha256:acf8a67ba51f4ca9ddbd0e6b3000a65ac51ab734661778b3e7ba64d99a710f2f \
    --hash=sha256:b10ec717381bdbfafef34607824db4c91de69ff085e4fca3b2af91b4fa17e68a \
    --hash=sha256:b49924c73a235e969511bf2aabdff3beebf9820931f646c80274d5d780010c47 \
    --hash=sha256:b6acfb46a814762367fb7ba0828b0a17d441b92ce249a0e007474c9072662dda \
    --hash=sha256:b7ca9034437b6022f941f4857459562ee00a560b97e7cce8a0ec5a74fc6766e0 \
    --hash=sha256:b98134087d9de723658d17a42c7d0da8d6e2ef08015dee7dc93889047315f5e4 \
    --hash=sha256:b9fe6fb92520e3fd61f2e49000b6911b188824f089b75973ea06d6267f0b476d \
    --hash=sha256:bce57638e08ac148e5778cce7feb968307a727d66f8e2274a543d0cf0c9ad6a3 \
    --hash=sha256:c14ad3bdc85ee7f318742c457ca3968a92126d144b15721c759033bfb06296c2 \
    --hash=sha256:c1c43ad4339643d70ebb8124e1305a7dab423001eff58bb41a0f731adbc98355 \
    --hash=sha256:c3471e5c4a949c26ec00a77f01df59096aa9495877de76fd60a980f8ee6be461 \
    --hash=sha256:c583b927a8838dab890706a6fa7573fbb8b70e24000ef9f7238e2d6f6435a5ed \
    --hash=sha256:c76fe65e607be28c7fd4d56fc3c42b1583aa058ce3408b7ad0fd540171d31f9f \
    --hash=sha256:c7ea57fc63aa7da93a1bd2d644e6577befae10c52c4e36377635eea1056a74f5 \
    --hash=sha256:cd5214352ae68f3b5e9af7768bdc5253695ee069675db3480518420b3be881f2 \
    --hash=sha256:cdbb78909f52b981d3b2d56b97328d71eb0b974c36bd77c920123a7ebb192829 \
    --hash=sha256:cdc8b74ecc48c0cb1e9607a05ec4e9e88db60a19ffcc9a1d5f9088ede40c8dc0 \
    --hash=sha256:d0a24b40877af2de4950252be9d21eaf7fb07660f3c2cae1f56c6b599ada5266 \
    --hash=sha256:d22a945598fb91236b4dd793a6e42e4f3dd7740bb5aace5ebd7d4c08d13bb575 \
    --hash=sha256:d2f9fc07a8042a8f95925b35c4f04f469707c981fc33245b6ca187cf5d2dd290 \
    --hash=sha256:d625a186a65201c23a9e3b8ed9c47e90a026e03256608cc91851c6709096844f \
    --hash=sha256:d925f3d9afd05a8c0fb3a1031463a8d59ebe5e2afad297e29c78be19e13b4e62 \
    --hash=sha256:e64e88d5585bea9ce95861079de72006c7fa6d3df4e3a3b65ba31eb979c15c9f \
    --hash=sha256:e652ab17569c94bff5475520f907b7148b8c24036a8ebbe5cf7cf7493d28579a \
    --hash=sha256:e7b891faeedeafba41b2983e5001a81b6a915b69544c7e7570d1989ce1c36ac7 \
    --hash=sha256:e80675d75ae2cd14372cb65cad5400d9347a3d3f6c13000183f22dfd027283ed \
    --hash=sha256:e9c134bb666dd54b778b9fc0d2b50cbb7f979b9e3716f26a88c9ab3b6fc1dd0f \
    --hash=sha256:eb7d8d0e5886a89a55d2eef490e272fa965a9d57c6b29a5b5088a7997ec2cad1 \
    --hash=sha256:ecb42011e12ee19cafbc312887cbf3546959fe02fbad44f272d4be5baa997615 \
    --hash=sha256:ef3fbbf161dc9351a2fe0422e51b129f9e97e42385bd0320b309c15f7d287dd8 \
    --hash=sha256:efd62a42486f1bda5d24cb4f63d15a3c7768375fe83d36f9417b4ad7a2fb20b3 \
    --hash=sha256:f077d0b97ab11fa7dcc633fca53515f290bca8a8a633e966d5b6d1879d9ed01a \
    --hash=sha256:f332f0e72a5a0400141f830744e141bf9f97917878dbe968669e8a7fefea78ff \
    --hash=sha256:f7b0ec93a2893de856652154d73b7ba622f26fa97726487dcac373de5f4c6084 \
    --hash=sha256:fa10ef4112775900e7a0661068635eb67b2ab824fbde764de6e0e21982a93db0 \
    --hash=sha256:fc5d783bd4a2387e97b8a2d5ec781cfb92b3d893bf82370548e99db5915935d3 \
    --hash=sha256:fc8515076c11f3cfdf4fb142dcca0fe384b1230a3b5415458ac84f3e0903ec13 \
    --hash=sha256:ff218293c9c806138dca139765e3b067621be52bcd93cdc14c7711be7ddc90a9
    # via pydantic
pypdf==6.18.0 \
    --hash=sha256:05b762b77bcb9dcb4a7c91fcf5dded585b25bee7269ab3d3001d7c55fa1b324b \
    --hash=sha256:ae58b7d93c22c169ffb02c3b06321c45c4f223b4916536568adb57d789d95d01
    # via aria-core (pyproject.toml)
python-dateutil==2.9.0.post0 \
    --hash=sha256:37dd54208da7e1cd875388217d5e00ebd4179249f90fb72437e91a35459a0ad3 \
    --hash=sha256:a8b2bc7bffae282281c8140a97d3aa9c14da0b136dfe83f850eea9a5f7470427
    # via
    #   botocore
    #   celery
redis==6.4.0 \
    --hash=sha256:b01bc7282b8444e28ec36b261df5375183bb47a07eb9c603f284e89cbc5ef010 \
    --hash=sha256:f0544fa9604264e9464cdf4814e7d4830f74b165d52f2a330a760a88dd248b7f
    # via kombu
ruff==0.14.14 \
    --hash=sha256:01ff589aab3f5b539e35db38425da31a57521efd1e4ad1ae08fc34dbe30bd7df \
    --hash=sha256:026c1d25996818f0bf498636686199d9bd0d9d6341c9c2c3b62e2a0198b758de \
    --hash=sha256:14649acb1cf7b5d2d283ebd2f58d56b75836ed8c6f329664fa91cdea19e76e66 \
    --hash=sha256:1629e67489c2dea43e8658c3dba659edbfd87361624b4040d1df04c9740ae906 \
    --hash=sha256:16bc890fb4cc9781bb05beb5ab4cd51be9e7cb376bf1dd3580512b24eb3fda2b \
    --hash=sha256:1cc12d74eef0f29f51775f5b755913eb523546b88e2d733e1d701fe65144e89b \
    --hash=sha256:27493a2131ea0f899057d49d303e4292b2cae2bb57253c1ed1f256fbcd1da480 \
    --hash=sha256:2d0f819c9a90205f3a867dbbd0be083bee9912e170fd7d9704cc8ae45824896b \
    --hash=sha256:3c0f18b922c6d2ff9a5e6c3ee16259adc513ca775bcf82c67ebab7cbd9da5bc8 \
    --hash=sha256:3dde1435e6b6fe5b66506c1dff67a421d0b7f6488d466f651c07f4cab3bf20fd \
    --hash=sha256:56e6981a98b13a32236a72a8da421d7839221fa308b223b9283312312e5ac76c \
    --hash=sha256:6006a0082336e7920b9573ef8a7f52eec837add1265cc74e04ea8a4368cd704c \
    --hash=sha256:7cfe36b56e8489dee8fbc777c61959f60ec0f1f11817e8f2415f429552846aed \
    --hash=sha256:b530c191970b143375b6a68e6f743800b2b786bbcf03a7965b06c4bf04568167 \
    --hash=sha256:bb8481604b7a9e75eff53772496201690ce2687067e038b3cc31aaf16aa0b974 \
    --hash=sha256:cc8b22da8d9d6fdd844a68ae937e2a0adf9b16514e9a97cc60355e2d4b219fc3 \
    --hash=sha256:e651e977a79e4c758eb807f0481d673a67ffe53cfa92209781dfa3a996cf8412 \
    --hash=sha256:e8058d2145566510790eab4e2fad186002e288dec5e0d343a92fe7b0bc1b3e13 \
    --hash=sha256:f666445819d31210b71e0a6d1c01e24447a20b85458eea25a25fe8142210ae0e
    # via aria-core (pyproject.toml)
s3transfer==0.19.2 \
    --hash=sha256:ba0309fd86be3c27dbf78cdd813c13c5e1df16e5874b99d2535ebbdfb9892993 \
    --hash=sha256:d8168eccca828cbb2cd573675333f3bddd254313a9c42494b84c76b539e8ba25
    # via boto3
six==1.17.0 \
    --hash=sha256:4721f391ed90541fddacab5acf947aa0d3dc7d27b2e1e8eda2be8970586c3274 \
    --hash=sha256:ff70335d468e7eb6ec65b95b99d3a2836546063f63acc5171de367e834932a81
    # via python-dateutil
soupsieve==2.9.2 \
    --hash=sha256:4a55d8cf158a9c2e587fa4922f1bbb91d68ac829e2d6f25403a85747c71daf74 \
    --hash=sha256:8089a26fd974ca7a1f30276d3d8492ab266ab15af581642dfe8aa162e0c1c823
    # via beautifulsoup4
sqlparse==0.6.0 \
    --hash=sha256:113c35c75365ab9cc9c7231d68c6428fb11c085fc8e9eb1ad659b7ddbf6cd2b9 \
    --hash=sha256:b861c0288ce2fa56209a9a6412d2e066ac664b3873b89c26c9d8415e8e32996f
    # via django
typing-extensions==4.16.0 \
    --hash=sha256:481caa481374e813c1b176ada14e97f1f67a4539ce9cfeb3f350d78d6370c2e8 \
    --hash=sha256:dc983d19a509c94dba722ee6abd33940f7c05a89e243c47e907eb4db6f1a43e5
    # via
    #   anyio
    #   beautifulsoup4
    #   pydantic
    #   pydantic-core
    #   typing-inspection
typing-inspection==0.4.4 \
    --hash=sha256:547274fa6b0a561ccf549cc9524b999a578e737d015d8709d021f9d0d13bea47 \
    --hash=sha256:65b8397ba37ccbce054456aaccddfc91e6e3083c92824df348d96ca832f3f147
    # via pydantic
tzdata==2026.3 \
    --hash=sha256:4a1518b8993086a7982523e071643f3c0e5f213e75b21318e78bcabfff9d1415 \
    --hash=sha256:dc096730c87af6cab1b171c9d532be840741ff5d459015e7f6947bd7d7e54931
    # via kombu
tzlocal==5.4.4 \
    --hash=sha256:8dbb8660838688a7b6ba4fed31d18dedf842afb4d47ca050d6d891c2c15f3be4 \
    --hash=sha256:aae09f0126a8a86fa736be266eb4a471380d26a0de3bc14844e7821fee3e2a15
    # via celery
urllib3==2.7.0 \
    --hash=sha256:231e0ec3b63ceb14667c67be60f2f2c40a518cb38b03af60abc813da26505f4c \
    --hash=sha256:9fb4c81ebbb1ce9531cce37674bbc6f1360472bc18ca9a553ede278ef7276897
    # via botocore
vine==5.1.0 \
    --hash=sha256:40fdf3c48b2cfe1c38a49e9ae2da6fda88e4794c810050a728bd7413811fb1dc \
    --hash=sha256:8b62e981d35c41049211cf62a0a1242d8c1ee9bd15bb196ce38aefd6799e61e0
    # via
    #   amqp
    #   celery
    #   kombu
wcwidth==0.8.3 \
    --hash=sha256:d128512515fbf4612e0ff21fd6380399210318b7b54a9af59dff8454cf9730eb \
    --hash=sha256:d5b73dba6158a595ec9370350e7f2637bcac8d6c5e4fde34f30fcffb6103a5e4
    # via prompt-toolkit
